// !$*UTF8*$!
{
	archiveVersion = 1;
	classes = {
	};
	objectVersion = 46;
	objects = {

/* Begin PBXBuildFile section */
		1D3623260D0F684500981E51 /* TestARAppAppDelegate.m in Sources */ = {isa = PBXBuildFile; fileRef = 1D3623250D0F684500981E51 /* TestARAppAppDelegate.m */; };
		1D60589B0D05DD56006BFB54 /* main.m in Sources */ = {isa = PBXBuildFile; fileRef = 29B97316FDCFA39411CA2CEA /* main.m */; };
		1D60589F0D05DD5A006BFB54 /* Foundation.framework in Frameworks */ = {isa = PBXBuildFile; fileRef = 1D30AB110D05D00D00671497 /* Foundation.framework */; };
		1DF5F4E00D08C38300B7A737 /* UIKit.framework in Frameworks */ = {isa = PBXBuildFile; fileRef = 1DF5F4DF0D08C38300B7A737 /* UIKit.framework */; };
		28AD733F0D9D9553002E5188 /* MainWindow.xib in Resources */ = {isa = PBXBuildFile; fileRef = 28AD733E0D9D9553002E5188 /* MainWindow.xib */; };
		28D7ACF80DDB3853001CB0EB /* TestARAppViewController.m in Sources */ = {isa = PBXBuildFile; fileRef = 28D7ACF70DDB3853001CB0EB /* TestARAppViewController.m */; };
		560B22F412A5767C001BB0D5 /* ARView.xib in Resources */ = {isa = PBXBuildFile; fileRef = 560B22F312A5767C001BB0D5 /* ARView.xib */; };
		560B22FC12A577B7001BB0D5 /* ARViewController.m in Sources */ = {isa = PBXBuildFile; fileRef = 560B22FB12A577B7001BB0D5 /* ARViewController.m */; };
		561DC72B12A4A196003B4C45 /* MapKit.framework in Frameworks */ = {isa = PBXBuildFile; fileRef = 561DC72A12A4A196003B4C45 /* MapKit.framework */; };
		5679003612AF3E6B004F41F6 /* mirino.png in Resources */ = {isa = PBXBuildFile; fileRef = 5679003512AF3E6B004F41F6 /* mirino.png */; };
		5679015312AF450E004F41F6 /* marker.png in Resources */ = {isa = PBXBuildFile; fileRef = 5679015212AF450E004F41F6 /* marker.png */; };
		5695B3EE12820BF0000E5FB9 /* CoreLocation.framework in Frameworks */ = {isa = PBXBuildFile; fileRef = 5695B3ED12820BF0000E5FB9 /* CoreLocation.framework */; };
		569A3B7312CABA6B0082FED3 /* visual.png in Resources */ = {isa = PBXBuildFile; fileRef = 569A3B7212CABA6B0082FED3 /* visual.png */; };
		56BF58CB1285CD2C00E1C9ED /* MapView.xib in Resources */ = {isa = PBXBuildFile; fileRef = 56BF58CA1285CD2C00E1C9ED /* MapView.xib */; };
		56C682E812C87DB000D196DD /* TestARApp.xcclassmodel in Resources */ = {isa = PBXBuildFile; fileRef = 56C682E712C87DB000D196DD /* TestARApp.xcclassmodel */; };
		56D9FA0512AED60E00B73EBE /* QuartzCore.framework in Frameworks */ = {isa = PBXBuildFile; fileRef = 56D9FA0412AED60D00B73EBE /* QuartzCore.framework */; };
		56D9FA4312AED91600B73EBE /* CoreGraphics.framework in Frameworks */ = {isa = PBXBuildFile; fileRef = 56D9FA4212AED91600B73EBE /* CoreGraphics.framework */; };
		56E7EA0512B6E5D300F2766E /* icon.png in Resources */ = {isa = PBXBuildFile; fileRef = 56E7EA0412B6E5D300F2766E /* icon.png */; };
/* End PBXBuildFile section */

/* Begin PBXFileReference section */
		1D30AB110D05D00D00671497 /* Foundation.framework */ = {isa = PBXFileReference; lastKnownFileType = wrapper.framework; name = Foundation.framework; path = System/Library/Frameworks/Foundation.framework; sourceTree = SDKROOT; };
		1D3623240D0F684500981E51 /* TestARAppAppDelegate.h */ = {isa = PBXFileReference; fileEncoding = 4; lastKnownFileType = sourcecode.c.h; path = TestARAppAppDelegate.h; sourceTree = "<group>"; };
		1D3623250D0F684500981E51 /* TestARAppAppDelegate.m */ = {isa = PBXFileReference; fileEncoding = 4; lastKnownFileType = sourcecode.c.objc; path = TestARAppAppDelegate.m; sourceTree = "<group>"; };
		1D6058910D05DD3D006BFB54 /* TestARApp.app */ = {isa = PBXFileReference; explicitFileType = wrapper.application; includeInIndex = 0; path = TestARApp.app; sourceTree = BUILT_PRODUCTS_DIR; };
		1DF5F4DF0D08C38300B7A737 /* UIKit.framework */ = {isa = PBXFileReference; lastKnownFileType = wrapper.framework; name = UIKit.framework; path = System/Library/Frameworks/UIKit.framework; sourceTree = SDKROOT; };
		28AD733E0D9D9553002E5188 /* MainWindow.xib */ = {isa = PBXFileReference; lastKnownFileType = file.xib; path = MainWindow.xib; sourceTree = "<group>"; };
		28D7ACF60DDB3853001CB0EB /* TestARAppViewController.h */ = {isa = PBXFileReference; fileEncoding = 4; lastKnownFileType = sourcecode.c.h; path = TestARAppViewController.h; sourceTree = "<group>"; };
		28D7ACF70DDB3853001CB0EB /* TestARAppViewController.m */ = {isa = PBXFileReference; fileEncoding = 4; lastKnownFileType = sourcecode.c.objc; path = TestARAppViewController.m; sourceTree = "<group>"; };
		29B97316FDCFA39411CA2CEA /* main.m */ = {isa = PBXFileReference; fileEncoding = 4; lastKnownFileType = sourcecode.c.objc; path = main.m; sourceTree = "<group>"; };
		32CA4F630368D1EE00C91783 /* TestARApp_Prefix.pch */ = {isa = PBXFileReference; fileEncoding = 4; lastKnownFileType = sourcecode.c.h; path = TestARApp_Prefix.pch; sourceTree = "<group>"; };
		560B22F312A5767C001BB0D5 /* ARView.xib */ = {isa = PBXFileReference; lastKnownFileType = file.xib; path = ARView.xib; sourceTree = "<group>"; };
		560B22FA12A577B7001BB0D5 /* ARViewController.h */ = {isa = PBXFileReference; fileEncoding = 4; lastKnownFileType = sourcecode.c.h; name = ARViewController.h; path = ../ARViewController.h; sourceTree = "<group>"; };
		560B22FB12A577B7001BB0D5 /* ARViewController.m */ = {isa = PBXFileReference; fileEncoding = 4; lastKnownFileType = sourcecode.c.objc; name = ARViewController.m; path = ../ARViewController.m; sourceTree = "<group>"; };
		561DC72A12A4A196003B4C45 /* MapKit.framework */ = {isa = PBXFileReference; lastKnownFileType = wrapper.framework; name = MapKit.framework; path = System/Library/Frameworks/MapKit.framework; sourceTree = SDKROOT; };
		5679003512AF3E6B004F41F6 /* mirino.png */ = {isa = PBXFileReference; lastKnownFileType = image.png; path = mirino.png; sourceTree = "<group>"; };
		5679015212AF450E004F41F6 /* marker.png */ = {isa = PBXFileReference; lastKnownFileType = image.png; path = marker.png; sourceTree = "<group>"; };
		5695B3ED12820BF0000E5FB9 /* CoreLocation.framework */ = {isa = PBXFileReference; lastKnownFileType = wrapper.framework; name = CoreLocation.framework; path = System/Library/Frameworks/CoreLocation.framework; sourceTree = SDKROOT; };
		569A3B7212CABA6B0082FED3 /* visual.png */ = {isa = PBXFileReference; lastKnownFileType = image.png; path = visual.png; sourceTree = "<group>"; };
		56BF58CA1285CD2C00E1C9ED /* MapView.xib */ = {isa = PBXFileReference; lastKnownFileType = file.xib; path = MapView.xib; sourceTree = "<group>"; };
		56C682E712C87DB000D196DD /* TestARApp.xcclassmodel */ = {isa = PBXFileReference; lastKnownFileType = wrapper.xcclassmodel; path = TestARApp.xcclassmodel; sourceTree = "<group>"; };
		56D9FA0412AED60D00B73EBE /* QuartzCore.framework */ = {isa = PBXFileReference; lastKnownFileType = wrapper.framework; name = QuartzCore.framework; path = System/Library/Frameworks/QuartzCore.framework; sourceTree = SDKROOT; };
		56D9FA4212AED91600B73EBE /* CoreGraphics.framework */ = {isa = PBXFileReference; lastKnownFileType = wrapper.framework; name = CoreGraphics.framework; path = System/Library/Frameworks/CoreGraphics.framework; sourceTree = SDKROOT; };
		56E7EA0412B6E5D300F2766E /* icon.png */ = {isa = PBXFileReference; lastKnownFileType = image.png; path = icon.png; sourceTree = "<group>"; };
		8D1107310486CEB800E47090 /* TestARApp-Info.plist */ = {isa = PBXFileReference; fileEncoding = 4; lastKnownFileType = text.plist.xml; path = "TestARApp-Info.plist"; plistStructureDefinitionIdentifier = "com.apple.xcode.plist.structure-definition.iphone.info-plist"; sourceTree = "<group>"; };
/* End PBXFileReference section */

/* Begin PBXFrameworksBuildPhase section */
		1D60588F0D05DD3D006BFB54 /* Frameworks */ = {
			isa = PBXFrameworksBuildPhase;
			buildActionMask = 2147483647;
			files = (
				1D60589F0D05DD5A006BFB54 /* Foundation.framework in Frameworks */,
				1DF5F4E00D08C38300B7A737 /* UIKit.framework in Frameworks */,
				5695B3EE12820BF0000E5FB9 /* CoreLocation.framework in Frameworks */,
				561DC72B12A4A196003B4C45 /* MapKit.framework in Frameworks */,
				56D9FA0512AED60E00B73EBE /* QuartzCore.framework in Frameworks */,
				56D9FA4312AED91600B73EBE /* CoreGraphics.framework in Frameworks */,
			);
			runOnlyForDeploymentPostprocessing = 0;
		};
/* End PBXFrameworksBuildPhase section */

/* Begin PBXGroup section */
		080E96DDFE201D6D7F000001 /* Classes */ = {
			isa = PBXGroup;
			children = (
				560B22FA12A577B7001BB0D5 /* ARViewController.h */,
				560B22FB12A577B7001BB0D5 /* ARViewController.m */,
				1D3623240D0F684500981E51 /* TestARAppAppDelegate.h */,
				1D3623250D0F684500981E51 /* TestARAppAppDelegate.m */,
				28D7ACF60DDB3853001CB0EB /* TestARAppViewController.h */,
				28D7ACF70DDB3853001CB0EB /* TestARAppViewController.m */,
			);
			path = Classes;
			sourceTree = "<group>";
		};
		19C28FACFE9D520D11CA2CBB /* Products */ = {
			isa = PBXGroup;
			children = (
				1D6058910D05DD3D006BFB54 /* TestARApp.app */,
			);
			name = Products;
			sourceTree = "<group>";
		};
		29B97314FDCFA39411CA2CEA /* CustomTemplate */ = {
			isa = PBXGroup;
			children = (
				080E96DDFE201D6D7F000001 /* Classes */,
				29B97315FDCFA39411CA2CEA /* Other Sources */,
				29B97317FDCFA39411CA2CEA /* Resources */,
				29B97323FDCFA39411CA2CEA /* Frameworks */,
				19C28FACFE9D520D11CA2CBB /* Products */,
				56C682E712C87DB000D196DD /* TestARApp.xcclassmodel */,
			);
			name = CustomTemplate;
			sourceTree = "<group>";
		};
		29B97315FDCFA39411CA2CEA /* Other Sources */ = {
			isa = PBXGroup;
			children = (
				32CA4F630368D1EE00C91783 /* TestARApp_Prefix.pch */,
				29B97316FDCFA39411CA2CEA /* main.m */,
			);
			name = "Other Sources";
			sourceTree = "<group>";
		};
		29B97317FDCFA39411CA2CEA /* Resources */ = {
			isa = PBXGroup;
			children = (
				569A3B7212CABA6B0082FED3 /* visual.png */,
				56E7EA0412B6E5D300F2766E /* icon.png */,
				56BF58CA1285CD2C00E1C9ED /* MapView.xib */,
				560B22F312A5767C001BB0D5 /* ARView.xib */,
				5679015212AF450E004F41F6 /* marker.png */,
				5679003512AF3E6B004F41F6 /* mirino.png */,
				28AD733E0D9D9553002E5188 /* MainWindow.xib */,
				8D1107310486CEB800E47090 /* TestARApp-Info.plist */,
			);
			name = Resources;
			sourceTree = "<group>";
		};
		29B97323FDCFA39411CA2CEA /* Frameworks */ = {
			isa = PBXGroup;
			children = (
				1DF5F4DF0D08C38300B7A737 /* UIKit.framework */,
				1D30AB110D05D00D00671497 /* Foundation.framework */,
				5695B3ED12820BF0000E5FB9 /* CoreLocation.framework */,
				561DC72A12A4A196003B4C45 /* MapKit.framework */,
				56D9FA0412AED60D00B73EBE /* QuartzCore.framework */,
				56D9FA4212AED91600B73EBE /* CoreGraphics.framework */,
			);
			name = Frameworks;
			sourceTree = "<group>";
		};
/* End PBXGroup section */

/* Begin PBXNativeTarget section */
		1D6058900D05DD3D006BFB54 /* TestARApp */ = {
			isa = PBXNativeTarget;
			buildConfigurationList = 1D6058960D05DD3E006BFB54 /* Build configuration list for PBXNativeTarget "TestARApp" */;
			buildPhases = (
				1D60588D0D05DD3D006BFB54 /* Resources */,
				1D60588E0D05DD3D006BFB54 /* Sources */,
				1D60588F0D05DD3D006BFB54 /* Frameworks */,
			);
			buildRules = (
			);
			dependencies = (
			);
			name = TestARApp;
			productName = TestARApp;
			productReference = 1D6058910D05DD3D006BFB54 /* TestARApp.app */;
			productType = "com.apple.product-type.application";
		};
/* End PBXNativeTarget section */

/* Begin PBXProject section */
		29B97313FDCFA39411CA2CEA /* Project object */ = {
			isa = PBXProject;
			attributes = {
				LastUpgradeCheck = 0440;
				ORGANIZATIONNAME = "Università di Udine";
			};
			buildConfigurationList = C01FCF4E08A954540054247B /* Build configuration list for PBXProject "TestARApp" */;
			compatibilityVersion = "Xcode 3.2";
			developmentRegion = English;
			hasScannedForEncodings = 1;
			knownRegions = (
				English,
				Japanese,
				French,
				German,
			);
			mainGroup = 29B97314FDCFA39411CA2CEA /* CustomTemplate */;
			projectDirPath = "";
			projectRoot = "";
			targets = (
				1D6058900D05DD3D006BFB54 /* TestARApp */,
			);
		};
/* End PBXProject section */

/* Begin PBXResourcesBuildPhase section */
		1D60588D0D05DD3D006BFB54 /* Resources */ = {
			isa = PBXResourcesBuildPhase;
			buildActionMask = 2147483647;
			files = (
				28AD733F0D9D9553002E5188 /* MainWindow.xib in Resources */,
				56BF58CB1285CD2C00E1C9ED /* MapView.xib in Resources */,
				560B22F412A5767C001BB0D5 /* ARView.xib in Resources */,
				5679003612AF3E6B004F41F6 /* mirino.png in Resources */,
				5679015312AF450E004F41F6 /* marker.png in Resources */,
				56E7EA0512B6E5D300F2766E /* icon.png in Resources */,
				56C682E812C87DB000D196DD /* TestARApp.xcclassmodel in Resources */,
				569A3B7312CABA6B0082FED3 /* visual.png in Resources */,
			);
			runOnlyForDeploymentPostprocessing = 0;
		};
/* End PBXResourcesBuildPhase section */

/* Begin PBXSourcesBuildPhase section */
		1D60588E0D05DD3D006BFB54 /* Sources */ = {
			isa = PBXSourcesBuildPhase;
			buildActionMask = 2147483647;
			files = (
				1D60589B0D05DD56006BFB54 /* main.m in Sources */,
				1D3623260D0F684500981E51 /* TestARAppAppDelegate.m in Sources */,
				28D7ACF80DDB3853001CB0EB /* TestARAppViewController.m in Sources */,
				560B22FC12A577B7001BB0D5 /* ARViewController.m in Sources */,
			);
			runOnlyForDeploymentPostprocessing = 0;
		};
/* End PBXSourcesBuildPhase section */

/* Begin XCBuildConfiguration section */
		1D6058940D05DD3E006BFB54 /* Debug */ = {
			isa = XCBuildConfiguration;
			buildSettings = {
				ALWAYS_SEARCH_USER_PATHS = NO;
				COPY_PHASE_STRIP = NO;
				GCC_DYNAMIC_NO_PIC = NO;
				GCC_OPTIMIZATION_LEVEL = 0;
				GCC_PRECOMPILE_PREFIX_HEADER = YES;
				GCC_PREFIX_HEADER = TestARApp_Prefix.pch;
				INFOPLIST_FILE = "TestARApp-Info.plist";
				PRODUCT_NAME = TestARApp;
				SDKROOT = iphoneos;
			};
			name = Debug;
		};
		1D6058950D05DD3E006BFB54 /* Release */ = {
			isa = XCBuildConfiguration;
			buildSettings = {
				ALWAYS_SEARCH_USER_PATHS = NO;
				COPY_PHASE_STRIP = YES;
				GCC_PRECOMPILE_PREFIX_HEADER = YES;
				GCC_PREFIX_HEADER = TestARApp_Prefix.pch;
				INFOPLIST_FILE = "TestARApp-Info.plist";
				PRODUCT_NAME = TestARApp;
				SDKROOT = iphoneos;
				VALIDATE_PRODUCT = YES;
			};
			name = Release;
		};
		C01FCF4F08A954540054247B /* Debug */ = {
			isa = XCBuildConfiguration;
			buildSettings = {
				ADDITIONAL_SDKS = "";
				ARCHS = "$(ARCHS_STANDARD_32_BIT)";
				"CODE_SIGN_IDENTITY[sdk=iphoneos*]" = "iPhone Developer";
				GCC_C_LANGUAGE_STANDARD = c99;
				GCC_WARN_ABOUT_RETURN_TYPE = YES;
				GCC_WARN_UNUSED_VARIABLE = YES;
				ONLY_ACTIVE_ARCH = NO;
				SDKROOT = iphoneos;
			};
			name = Debug;
		};
		C01FCF5008A954540054247B /* Release */ = {
			isa = XCBuildConfiguration;
			buildSettings = {
				ARCHS = "$(ARCHS_STANDARD_32_BIT)";
				"CODE_SIGN_IDENTITY[sdk=iphoneos*]" = "iPhone Developer";
				GCC_C_LANGUAGE_STANDARD = c99;
				GCC_WARN_ABOUT_RETURN_TYPE = YES;
				GCC_WARN_UNUSED_VARIABLE = YES;
				OTHER_CFLAGS = "-DNS_BLOCK_ASSERTIONS=1";
				SDKROOT = iphoneos;
			};
			name = Release;
		};
/* End XCBuildConfiguration section */

/* Begin XCConfigurationList section */
		1D6058960D05DD3E006BFB54 /* Build configuration list for PBXNativeTarget "TestARApp" */ = {
			isa = XCConfigurationList;
			buildConfigurations = (
				1D6058940D05DD3E006BFB54 /* Debug */,
				1D6058950D05DD3E006BFB54 /* Release */,
			);
			defaultConfigurationIsVisible = 0;
			defaultConfigurationName = Release;
		};
		C01FCF4E08A954540054247B /* Build configuration list for PBXProject "TestARApp" */ = {
			isa = XCConfigurationList;
			buildConfigurations = (
				C01FCF4F08A954540054247B /* Debug */,
				C01FCF5008A954540054247B /* Release */,
			);
			defaultConfigurationIsVisible = 0;
			defaultConfigurationName = Release;
		};
/* End XCConfigurationList section */
	};
	rootObject = 29B97313FDCFA39411CA2CEA /* Project object */;
}
